// !$*UTF8*$!
{
	archiveVersion = 1;
	classes = {
	};
	objectVersion = 46;
	objects = {

/* Begin PBXBuildFile section */
		8CDB1AA1F46392100AA5AD8A /* libPods-DNTagView.a in Frameworks */ = {isa = PBXBuildFile; fileRef = F5B7BF91B052C455D29CA178 /* libPods-DNTagView.a */; };
		B9BFEA8D8237C00A105B964C /* libPods-DNTagViewUITests.a in Frameworks */ = {isa = PBXBuildFile; fileRef = FD8877D1B5A2EF902E580E84 /* libPods-DNTagViewUITests.a */; };
		BDB7F381FBE1F71F8D7E05AF /* libPods-DNTagViewTests.a in Frameworks */ = {isa = PBXBuildFile; fileRef = 34DA2F6C9BEBE77E70B9C6A6 /* libPods-DNTagViewTests.a */; };
		F4E09C951E66AF8600E09061 /* main.m in Sources */ = {isa = PBXBuildFile; fileRef = F4E09C941E66AF8600E09061 /* main.m */; };
		F4E09C981E66AF8600E09061 /* AppDelegate.m in Sources */ = {isa = PBXBuildFile; fileRef = F4E09C971E66AF8600E09061 /* AppDelegate.m */; };
		F4E09C9B1E66AF8600E09061 /* ViewController.m in Sources */ = {isa = PBXBuildFile; fileRef = F4E09C9A1E66AF8600E09061 /* ViewController.m */; };
		F4E09C9E1E66AF8600E09061 /* Main.storyboard in Resources */ = {isa = PBXBuildFile; fileRef = F4E09C9C1E66AF8600E09061 /* Main.storyboard */; };
		F4E09CA01E66AF8600E09061 /* Assets.xcassets in Resources */ = {isa = PBXBuildFile; fileRef = F4E09C9F1E66AF8600E09061 /* Assets.xcassets */; };
		F4E09CA31E66AF8600E09061 /* LaunchScreen.storyboard in Resources */ = {isa = PBXBuildFile; fileRef = F4E09CA11E66AF8600E09061 /* LaunchScreen.storyboard */; };
		F4E09CAE1E66AF8600E09061 /* DNTagViewTests.m in Sources */ = {isa = PBXBuildFile; fileRef = F4E09CAD1E66AF8600E09061 /* DNTagViewTests.m */; };
		F4E09CB91E66AF8600E09061 /* DNTagViewUITests.m in Sources */ = {isa = PBXBuildFile; fileRef = F4E09CB81E66AF8600E09061 /* DNTagViewUITests.m */; };
		F4E09CCF1E66B06200E09061 /* DNMultiLineEditViewController.m in Sources */ = {isa = PBXBuildFile; fileRef = F4E09CCA1E66B06200E09061 /* DNMultiLineEditViewController.m */; };
		F4E09CD01E66B06200E09061 /* DNMultiLineShowViewController.m in Sources */ = {isa = PBXBuildFile; fileRef = F4E09CCC1E66B06200E09061 /* DNMultiLineShowViewController.m */; };
		F4E09CD11E66B06200E09061 /* DNTableViewController.m in Sources */ = {isa = PBXBuildFile; fileRef = F4E09CCE1E66B06200E09061 /* DNTableViewController.m */; };
		F4E09CD41E66B06E00E09061 /* UIColor+Helper.m in Sources */ = {isa = PBXBuildFile; fileRef = F4E09CD31E66B06E00E09061 /* UIColor+Helper.m */; };
		F4E09CDD1E66B07900E09061 /* DNTag.m in Sources */ = {isa = PBXBuildFile; fileRef = F4E09CD61E66B07900E09061 /* DNTag.m */; };
		F4E09CDE1E66B07900E09061 /* DNTagButton.m in Sources */ = {isa = PBXBuildFile; fileRef = F4E09CD81E66B07900E09061 /* DNTagButton.m */; };
		F4E09CDF1E66B07900E09061 /* DNTagView.m in Sources */ = {isa = PBXBuildFile; fileRef = F4E09CDA1E66B07900E09061 /* DNTagView.m */; };
		F4E09CE01E66B07900E09061 /* DNTextField.m in Sources */ = {isa = PBXBuildFile; fileRef = F4E09CDC1E66B07900E09061 /* DNTextField.m */; };
/* End PBXBuildFile section */

/* Begin PBXContainerItemProxy section */
		F4E09CAA1E66AF8600E09061 /* PBXContainerItemProxy */ = {
			isa = PBXContainerItemProxy;
			containerPortal = F4E09C881E66AF8500E09061 /* Project object */;
			proxyType = 1;
			remoteGlobalIDString = F4E09C8F1E66AF8500E09061;
			remoteInfo = DNTagView;
		};
		F4E09CB51E66AF8600E09061 /* PBXContainerItemProxy */ = {
			isa = PBXContainerItemProxy;
			containerPortal = F4E09C881E66AF8500E09061 /* Project object */;
			proxyType = 1;
			remoteGlobalIDString = F4E09C8F1E66AF8500E09061;
			remoteInfo = DNTagView;
		};
/* End PBXContainerItemProxy section */

/* Begin PBXFileReference section */
		15017A576D90E94175661986 /* Pods-DNTagViewTests.debug.xcconfig */ = {isa = PBXFileReference; includeInIndex = 1; lastKnownFileType = text.xcconfig; name = "Pods-DNTagViewTests.debug.xcconfig"; path = "Pods/Target Support Files/Pods-DNTagViewTests/Pods-DNTagViewTests.debug.xcconfig"; sourceTree = "<group>"; };
		2ACEC153162DE26C9AD2BFBD /* Pods-DNTagViewTests.release.xcconfig */ = {isa = PBXFileReference; includeInIndex = 1; lastKnownFileType = text.xcconfig; name = "Pods-DNTagViewTests.release.xcconfig"; path = "Pods/Target Support Files/Pods-DNTagViewTests/Pods-DNTagViewTests.release.xcconfig"; sourceTree = "<group>"; };
		2D89AC5EB7361ECD9B2BDD67 /* Pods-DNTagViewUITests.debug.xcconfig */ = {isa = PBXFileReference; includeInIndex = 1; lastKnownFileType = text.xcconfig; name = "Pods-DNTagViewUITests.debug.xcconfig"; path = "Pods/Target Support Files/Pods-DNTagViewUITests/Pods-DNTagViewUITests.debug.xcconfig"; sourceTree = "<group>"; };
		34DA2F6C9BEBE77E70B9C6A6 /* libPods-DNTagViewTests.a */ = {isa = PBXFileReference; explicitFileType = archive.ar; includeInIndex = 0; path = "libPods-DNTagViewTests.a"; sourceTree = BUILT_PRODUCTS_DIR; };
		4681F849584C55903D0A2805 /* Pods-DNTagView.release.xcconfig */ = {isa = PBXFileReference; includeInIndex = 1; lastKnownFileType = text.xcconfig; name = "Pods-DNTagView.release.xcconfig"; path = "Pods/Target Support Files/Pods-DNTagView/Pods-DNTagView.release.xcconfig"; sourceTree = "<group>"; };
		4E0EAB997ECE52A14B5E169F /* Pods-DNTagViewUITests.release.xcconfig */ = {isa = PBXFileReference; includeInIndex = 1; lastKnownFileType = text.xcconfig; name = "Pods-DNTagViewUITests.release.xcconfig"; path = "Pods/Target Support Files/Pods-DNTagViewUITests/Pods-DNTagViewUITests.release.xcconfig"; sourceTree = "<group>"; };
		9287149DC40529B76DB16CE1 /* Pods-DNTagView.debug.xcconfig */ = {isa = PBXFileReference; includeInIndex = 1; lastKnownFileType = text.xcconfig; name = "Pods-DNTagView.debug.xcconfig"; path = "Pods/Target Support Files/Pods-DNTagView/Pods-DNTagView.debug.xcconfig"; sourceTree = "<group>"; };
		F4E09C901E66AF8500E09061 /* DNTagView.app */ = {isa = PBXFileReference; explicitFileType = wrapper.application; includeInIndex = 0; path = DNTagView.app; sourceTree = BUILT_PRODUCTS_DIR; };
		F4E09C941E66AF8600E09061 /* main.m */ = {isa = PBXFileReference; lastKnownFileType = sourcecode.c.objc; path = main.m; sourceTree = "<group>"; };
		F4E09C961E66AF8600E09061 /* AppDelegate.h */ = {isa = PBXFileReference; lastKnownFileType = sourcecode.c.h; path = AppDelegate.h; sourceTree = "<group>"; };
		F4E09C971E66AF8600E09061 /* AppDelegate.m */ = {isa = PBXFileReference; lastKnownFileType = sourcecode.c.objc; path = AppDelegate.m; sourceTree = "<group>"; };
		F4E09C991E66AF8600E09061 /* ViewController.h */ = {isa = PBXFileReference; lastKnownFileType = sourcecode.c.h; path = ViewController.h; sourceTree = "<group>"; };
		F4E09C9A1E66AF8600E09061 /* ViewController.m */ = {isa = PBXFileReference; lastKnownFileType = sourcecode.c.objc; path = ViewController.m; sourceTree = "<group>"; };
		F4E09C9D1E66AF8600E09061 /* Base */ = {isa = PBXFileReference; lastKnownFileType = file.storyboard; name = Base; path = Base.lproj/Main.storyboard; sourceTree = "<group>"; };
		F4E09C9F1E66AF8600E09061 /* Assets.xcassets */ = {isa = PBXFileReference; lastKnownFileType = folder.assetcatalog; path = Assets.xcassets; sourceTree = "<group>"; };
		F4E09CA21E66AF8600E09061 /* Base */ = {isa = PBXFileReference; lastKnownFileType = file.storyboard; name = Base; path = Base.lproj/LaunchScreen.storyboard; sourceTree = "<group>"; };
		F4E09CA41E66AF8600E09061 /* Info.plist */ = {isa = PBXFileReference; lastKnownFileType = text.plist.xml; path = Info.plist; sourceTree = "<group>"; };
		F4E09CA91E66AF8600E09061 /* DNTagViewTests.xctest */ = {isa = PBXFileReference; explicitFileType = wrapper.cfbundle; includeInIndex = 0; path = DNTagViewTests.xctest; sourceTree = BUILT_PRODUCTS_DIR; };
		F4E09CAD1E66AF8600E09061 /* DNTagViewTests.m */ = {isa = PBXFileReference; lastKnownFileType = sourcecode.c.objc; path = DNTagViewTests.m; sourceTree = "<group>"; };
		F4E09CAF1E66AF8600E09061 /* Info.plist */ = {isa = PBXFileReference; lastKnownFileType = text.plist.xml; path = Info.plist; sourceTree = "<group>"; };
		F4E09CB41E66AF8600E09061 /* DNTagViewUITests.xctest */ = {isa = PBXFileReference; explicitFileType = wrapper.cfbundle; includeInIndex = 0; path = DNTagViewUITests.xctest; sourceTree = BUILT_PRODUCTS_DIR; };
		F4E09CB81E66AF8600E09061 /* DNTagViewUITests.m */ = {isa = PBXFileReference; lastKnownFileType = sourcecode.c.objc; path = DNTagViewUITests.m; sourceTree = "<group>"; };
		F4E09CBA1E66AF8600E09061 /* Info.plist */ = {isa = PBXFileReference; lastKnownFileType = text.plist.xml; path = Info.plist; sourceTree = "<group>"; };
		F4E09CC91E66B06200E09061 /* DNMultiLineEditViewController.h */ = {isa = PBXFileReference; fileEncoding = 4; lastKnownFileType = sourcecode.c.h; name = DNMultiLineEditViewController.h; path = Controller/DNMultiLineEditViewController.h; sourceTree = "<group>"; };
		F4E09CCA1E66B06200E09061 /* DNMultiLineEditViewController.m */ = {isa = PBXFileReference; fileEncoding = 4; lastKnownFileType = sourcecode.c.objc; name = DNMultiLineEditViewController.m; path = Controller/DNMultiLineEditViewController.m; sourceTree = "<group>"; };
		F4E09CCB1E66B06200E09061 /* DNMultiLineShowViewController.h */ = {isa = PBXFileReference; fileEncoding = 4; lastKnownFileType = sourcecode.c.h; name = DNMultiLineShowViewController.h; path = Controller/DNMultiLineShowViewController.h; sourceTree = "<group>"; };
		F4E09CCC1E66B06200E09061 /* DNMultiLineShowViewController.m */ = {isa = PBXFileReference; fileEncoding = 4; lastKnownFileType = sourcecode.c.objc; name = DNMultiLineShowViewController.m; path = Controller/DNMultiLineShowViewController.m; sourceTree = "<group>"; };
		F4E09CCD1E66B06200E09061 /* DNTableViewController.h */ = {isa = PBXFileReference; fileEncoding = 4; lastKnownFileType = sourcecode.c.h; name = DNTableViewController.h; path = Controller/DNTableViewController.h; sourceTree = "<group>"; };
		F4E09CCE1E66B06200E09061 /* DNTableViewController.m */ = {isa = PBXFileReference; fileEncoding = 4; lastKnownFileType = sourcecode.c.objc; name = DNTableViewController.m; path = Controller/DNTableViewController.m; sourceTree = "<group>"; };
		F4E09CD21E66B06E00E09061 /* UIColor+Helper.h */ = {isa = PBXFileReference; fileEncoding = 4; lastKnownFileType = sourcecode.c.h; name = "UIColor+Helper.h"; path = "Categories/UIColor+Helper.h"; sourceTree = "<group>"; };
		F4E09CD31E66B06E00E09061 /* UIColor+Helper.m */ = {isa = PBXFileReference; fileEncoding = 4; lastKnownFileType = sourcecode.c.objc; name = "UIColor+Helper.m"; path = "Categories/UIColor+Helper.m"; sourceTree = "<group>"; };
		F4E09CD51E66B07900E09061 /* DNTag.h */ = {isa = PBXFileReference; fileEncoding = 4; lastKnownFileType = sourcecode.c.h; name = DNTag.h; path = TagView/DNTag.h; sourceTree = SOURCE_ROOT; };
		F4E09CD61E66B07900E09061 /* DNTag.m */ = {isa = PBXFileReference; fileEncoding = 4; lastKnownFileType = sourcecode.c.objc; name = DNTag.m; path = TagView/DNTag.m; sourceTree = SOURCE_ROOT; };
		F4E09CD71E66B07900E09061 /* DNTagButton.h */ = {isa = PBXFileReference; fileEncoding = 4; lastKnownFileType = sourcecode.c.h; name = DNTagButton.h; path = TagView/DNTagButton.h; sourceTree = SOURCE_ROOT; };
		F4E09CD81E66B07900E09061 /* DNTagButton.m */ = {isa = PBXFileReference; fileEncoding = 4; lastKnownFileType = sourcecode.c.objc; name = DNTagButton.m; path = TagView/DNTagButton.m; sourceTree = SOURCE_ROOT; };
		F4E09CD91E66B07900E09061 /* DNTagView.h */ = {isa = PBXFileReference; fileEncoding = 4; lastKnownFileType = sourcecode.c.h; name = DNTagView.h; path = TagView/DNTagView.h; sourceTree = SOURCE_ROOT; };
		F4E09CDA1E66B07900E09061 /* DNTagView.m */ = {isa = PBXFileReference; fileEncoding = 4; lastKnownFileType = sourcecode.c.objc; name = DNTagView.m; path = TagView/DNTagView.m; sourceTree = SOURCE_ROOT; };
		F4E09CDB1E66B07900E09061 /* DNTextField.h */ = {isa = PBXFileReference; fileEncoding = 4; lastKnownFileType = sourcecode.c.h; name = DNTextField.h; path = TagView/DNTextField.h; sourceTree = SOURCE_ROOT; };
		F4E09CDC1E66B07900E09061 /* DNTextField.m */ = {isa = PBXFileReference; fileEncoding = 4; lastKnownFileType = sourcecode.c.objc; name = DNTextField.m; path = TagView/DNTextField.m; sourceTree = SOURCE_ROOT; };
		F5B7BF91B052C455D29CA178 /* libPods-DNTagView.a */ = {isa = PBXFileReference; explicitFileType = archive.ar; includeInIndex = 0; path = "libPods-DNTagView.a"; sourceTree = BUILT_PRODUCTS_DIR; };
		FD8877D1B5A2EF902E580E84 /* libPods-DNTagViewUITests.a */ = {isa = PBXFileReference; explicitFileType = archive.ar; includeInIndex = 0; path = "libPods-DNTagViewUITests.a"; sourceTree = BUILT_PRODUCTS_DIR; };
/* End PBXFileReference section */

/* Begin PBXFrameworksBuildPhase section */
		F4E09C8D1E66AF8500E09061 /* Frameworks */ = {
			isa = PBXFrameworksBuildPhase;
			buildActionMask = 2147483647;
			files = (
				8CDB1AA1F46392100AA5AD8A /* libPods-DNTagView.a in Frameworks */,
			);
			runOnlyForDeploymentPostprocessing = 0;
		};
		F4E09CA61E66AF8600E09061 /* Frameworks */ = {
			isa = PBXFrameworksBuildPhase;
			buildActionMask = 2147483647;
			files = (
				BDB7F381FBE1F71F8D7E05AF /* libPods-DNTagViewTests.a in Frameworks */,
			);
			runOnlyForDeploymentPostprocessing = 0;
		};
		F4E09CB11E66AF8600E09061 /* Frameworks */ = {
			isa = PBXFrameworksBuildPhase;
			buildActionMask = 2147483647;
			files = (
				B9BFEA8D8237C00A105B964C /* libPods-DNTagViewUITests.a in Frameworks */,
			);
			runOnlyForDeploymentPostprocessing = 0;
		};
/* End PBXFrameworksBuildPhase section */

/* Begin PBXGroup section */
		7238D56E68272B271EF9C7FA /* Pods */ = {
			isa = PBXGroup;
			children = (
				9287149DC40529B76DB16CE1 /* Pods-DNTagView.debug.xcconfig */,
				4681F849584C55903D0A2805 /* Pods-DNTagView.release.xcconfig */,
				15017A576D90E94175661986 /* Pods-DNTagViewTests.debug.xcconfig */,
				2ACEC153162DE26C9AD2BFBD /* Pods-DNTagViewTests.release.xcconfig */,
				2D89AC5EB7361ECD9B2BDD67 /* Pods-DNTagViewUITests.debug.xcconfig */,
				4E0EAB997ECE52A14B5E169F /* Pods-DNTagViewUITests.release.xcconfig */,
			);
			name = Pods;
			sourceTree = "<group>";
		};
		D002C7B3B7AB207CBF241FB2 /* Frameworks */ = {
			isa = PBXGroup;
			children = (
				F5B7BF91B052C455D29CA178 /* libPods-DNTagView.a */,
				34DA2F6C9BEBE77E70B9C6A6 /* libPods-DNTagViewTests.a */,
				FD8877D1B5A2EF902E580E84 /* libPods-DNTagViewUITests.a */,
			);
			name = Frameworks;
			sourceTree = "<group>";
		};
		F4E09C871E66AF8500E09061 = {
			isa = PBXGroup;
			children = (
				F4E09C921E66AF8600E09061 /* DNTagView */,
				F4E09CAC1E66AF8600E09061 /* DNTagViewTests */,
				F4E09CB71E66AF8600E09061 /* DNTagViewUITests */,
				F4E09C911E66AF8500E09061 /* Products */,
				7238D56E68272B271EF9C7FA /* Pods */,
				D002C7B3B7AB207CBF241FB2 /* Frameworks */,
			);
			sourceTree = "<group>";
		};
		F4E09C911E66AF8500E09061 /* Products */ = {
			isa = PBXGroup;
			children = (
				F4E09C901E66AF8500E09061 /* DNTagView.app */,
				F4E09CA91E66AF8600E09061 /* DNTagViewTests.xctest */,
				F4E09CB41E66AF8600E09061 /* DNTagViewUITests.xctest */,
			);
			name = Products;
			sourceTree = "<group>";
		};
		F4E09C921E66AF8600E09061 /* DNTagView */ = {
			isa = PBXGroup;
			children = (
				F4E09CC81E66AFC800E09061 /* Controller */,
				F4E09CC71E66AFB300E09061 /* Categories */,
				F4E09CC61E66AF9E00E09061 /* TagView */,
				F4E09C961E66AF8600E09061 /* AppDelegate.h */,
				F4E09C971E66AF8600E09061 /* AppDelegate.m */,
				F4E09C991E66AF8600E09061 /* ViewController.h */,
				F4E09C9A1E66AF8600E09061 /* ViewController.m */,
				F4E09C9C1E66AF8600E09061 /* Main.storyboard */,
				F4E09C9F1E66AF8600E09061 /* Assets.xcassets */,
				F4E09CA11E66AF8600E09061 /* LaunchScreen.storyboard */,
				F4E09CA41E66AF8600E09061 /* Info.plist */,
				F4E09C931E66AF8600E09061 /* Supporting Files */,
			);
			path = DNTagView;
			sourceTree = "<group>";
		};
		F4E09C931E66AF8600E09061 /* Supporting Files */ = {
			isa = PBXGroup;
			children = (
				F4E09C941E66AF8600E09061 /* main.m */,
			);
			name = "Supporting Files";
			sourceTree = "<group>";
		};
		F4E09CAC1E66AF8600E09061 /* DNTagViewTests */ = {
			isa = PBXGroup;
			children = (
				F4E09CAD1E66AF8600E09061 /* DNTagViewTests.m */,
				F4E09CAF1E66AF8600E09061 /* Info.plist */,
			);
			path = DNTagViewTests;
			sourceTree = "<group>";
		};
		F4E09CB71E66AF8600E09061 /* DNTagViewUITests */ = {
			isa = PBXGroup;
			children = (
				F4E09CB81E66AF8600E09061 /* DNTagViewUITests.m */,
				F4E09CBA1E66AF8600E09061 /* Info.plist */,
			);
			path = DNTagViewUITests;
			sourceTree = "<group>";
		};
		F4E09CC61E66AF9E00E09061 /* TagView */ = {
			isa = PBXGroup;
			children = (
				F4E09CD51E66B07900E09061 /* DNTag.h */,
				F4E09CD61E66B07900E09061 /* DNTag.m */,
				F4E09CD71E66B07900E09061 /* DNTagButton.h */,
				F4E09CD81E66B07900E09061 /* DNTagButton.m */,
				F4E09CD91E66B07900E09061 /* DNTagView.h */,
				F4E09CDA1E66B07900E09061 /* DNTagView.m */,
				F4E09CDB1E66B07900E09061 /* DNTextField.h */,
				F4E09CDC1E66B07900E09061 /* DNTextField.m */,
			);
			name = TagView;
			sourceTree = "<group>";
		};
		F4E09CC71E66AFB300E09061 /* Categories */ = {
			isa = PBXGroup;
			children = (
				F4E09CD21E66B06E00E09061 /* UIColor+Helper.h */,
				F4E09CD31E66B06E00E09061 /* UIColor+Helper.m */,
			);
			name = Categories;
			sourceTree = "<group>";
		};
		F4E09CC81E66AFC800E09061 /* Controller */ = {
			isa = PBXGroup;
			children = (
				F4E09CC91E66B06200E09061 /* DNMultiLineEditViewController.h */,
				F4E09CCA1E66B06200E09061 /* DNMultiLineEditViewController.m */,
				F4E09CCB1E66B06200E09061 /* DNMultiLineShowViewController.h */,
				F4E09CCC1E66B06200E09061 /* DNMultiLineShowViewController.m */,
				F4E09CCD1E66B06200E09061 /* DNTableViewController.h */,
				F4E09CCE1E66B06200E09061 /* DNTableViewController.m */,
			);
			name = Controller;
			sourceTree = "<group>";
		};
/* End PBXGroup section */

/* Begin PBXNativeTarget section */
		F4E09C8F1E66AF8500E09061 /* DNTagView */ = {
			isa = PBXNativeTarget;
			buildConfigurationList = F4E09CBD1E66AF8600E09061 /* Build configuration list for PBXNativeTarget "DNTagView" */;
			buildPhases = (
				185B5D1CC802BC7818753DE4 /* [CP] Check Pods Manifest.lock */,
				F4E09C8C1E66AF8500E09061 /* Sources */,
				F4E09C8D1E66AF8500E09061 /* Frameworks */,
				F4E09C8E1E66AF8500E09061 /* Resources */,
				3529B900056C7AECDFEC5D44 /* [CP] Embed Pods Frameworks */,
				368D51649B69CA07A19143C0 /* [CP] Copy Pods Resources */,
			);
			buildRules = (
			);
			dependencies = (
			);
			name = DNTagView;
			productName = DNTagView;
			productReference = F4E09C901E66AF8500E09061 /* DNTagView.app */;
			productType = "com.apple.product-type.application";
		};
		F4E09CA81E66AF8600E09061 /* DNTagViewTests */ = {
			isa = PBXNativeTarget;
			buildConfigurationList = F4E09CC01E66AF8600E09061 /* Build configuration list for PBXNativeTarget "DNTagViewTests" */;
			buildPhases = (
				2934D14EE85BC78993A2B12F /* [CP] Check Pods Manifest.lock */,
				F4E09CA51E66AF8600E09061 /* Sources */,
				F4E09CA61E66AF8600E09061 /* Frameworks */,
				F4E09CA71E66AF8600E09061 /* Resources */,
				36C4B96599CE2F63297B7FE2 /* [CP] Embed Pods Frameworks */,
				4F40191A75FCA0C57D42654B /* [CP] Copy Pods Resources */,
			);
			buildRules = (
			);
			dependencies = (
				F4E09CAB1E66AF8600E09061 /* PBXTargetDependency */,
			);
			name = DNTagViewTests;
			productName = DNTagViewTests;
			productReference = F4E09CA91E66AF8600E09061 /* DNTagViewTests.xctest */;
			productType = "com.apple.product-type.bundle.unit-test";
		};
		F4E09CB31E66AF8600E09061 /* DNTagViewUITests */ = {
			isa = PBXNativeTarget;
			buildConfigurationList = F4E09CC31E66AF8600E09061 /* Build configuration list for PBXNativeTarget "DNTagViewUITests" */;
			buildPhases = (
				E92F47700852DC83ACF5C4DE /* [CP] Check Pods Manifest.lock */,
				F4E09CB01E66AF8600E09061 /* Sources */,
				F4E09CB11E66AF8600E09061 /* Frameworks */,
				F4E09CB21E66AF8600E09061 /* Resources */,
				F1E6BBDD09C057318FADDBCA /* [CP] Embed Pods Frameworks */,
				426B0442A087CB4A9B3639E4 /* [CP] Copy Pods Resources */,
			);
			buildRules = (
			);
			dependencies = (
				F4E09CB61E66AF8600E09061 /* PBXTargetDependency */,
			);
			name = DNTagViewUITests;
			productName = DNTagViewUITests;
			productReference = F4E09CB41E66AF8600E09061 /* DNTagViewUITests.xctest */;
			productType = "com.apple.product-type.bundle.ui-testing";
		};
/* End PBXNativeTarget section */

/* Begin PBXProject section */
		F4E09C881E66AF8500E09061 /* Project object */ = {
			isa = PBXProject;
			attributes = {
				LastUpgradeCheck = 0820;
				ORGANIZATIONNAME = dawnnnnn;
				TargetAttributes = {
					F4E09C8F1E66AF8500E09061 = {
						CreatedOnToolsVersion = 8.2.1;
						ProvisioningStyle = Automatic;
					};
					F4E09CA81E66AF8600E09061 = {
						CreatedOnToolsVersion = 8.2.1;
						ProvisioningStyle = Automatic;
						TestTargetID = F4E09C8F1E66AF8500E09061;
					};
					F4E09CB31E66AF8600E09061 = {
						CreatedOnToolsVersion = 8.2.1;
						ProvisioningStyle = Automatic;
						TestTargetID = F4E09C8F1E66AF8500E09061;
					};
				};
			};
			buildConfigurationList = F4E09C8B1E66AF8500E09061 /* Build configuration list for PBXProject "DNTagView" */;
			compatibilityVersion = "Xcode 3.2";
			developmentRegion = English;
			hasScannedForEncodings = 0;
			knownRegions = (
				en,
				Base,
			);
			mainGroup = F4E09C871E66AF8500E09061;
			productRefGroup = F4E09C911E66AF8500E09061 /* Products */;
			projectDirPath = "";
			projectRoot = "";
			targets = (
				F4E09C8F1E66AF8500E09061 /* DNTagView */,
				F4E09CA81E66AF8600E09061 /* DNTagViewTests */,
				F4E09CB31E66AF8600E09061 /* DNTagViewUITests */,
			);
		};
/* End PBXProject section */

/* Begin PBXResourcesBuildPhase section */
		F4E09C8E1E66AF8500E09061 /* Resources */ = {
			isa = PBXResourcesBuildPhase;
			buildActionMask = 2147483647;
			files = (
				F4E09CA31E66AF8600E09061 /* LaunchScreen.storyboard in Resources */,
				F4E09CA01E66AF8600E09061 /* Assets.xcassets in Resources */,
				F4E09C9E1E66AF8600E09061 /* Main.storyboard in Resources */,
			);
			runOnlyForDeploymentPostprocessing = 0;
		};
		F4E09CA71E66AF8600E09061 /* Resources */ = {
			isa = PBXResourcesBuildPhase;
			buildActionMask = 2147483647;
			files = (
			);
			runOnlyForDeploymentPostprocessing = 0;
		};
		F4E09CB21E66AF8600E09061 /* Resources */ = {
			isa = PBXResourcesBuildPhase;
			buildActionMask = 2147483647;
			files = (
			);
			runOnlyForDeploymentPostprocessing = 0;
		};
/* End PBXResourcesBuildPhase section */

/* Begin PBXShellScriptBuildPhase section */
		185B5D1CC802BC7818753DE4 /* [CP] Check Pods Manifest.lock */ = {
			isa = PBXShellScriptBuildPhase;
			buildActionMask = 2147483647;
			files = (
			);
			inputPaths = (
			);
			name = "[CP] Check Pods Manifest.lock";
			outputPaths = (
			);
			runOnlyForDeploymentPostprocessing = 0;
			shellPath = /bin/sh;
			shellScript = "diff \"${PODS_ROOT}/../Podfile.lock\" \"${PODS_ROOT}/Manifest.lock\" > /dev/null\nif [ $? != 0 ] ; then\n    # print error to STDERR\n    echo \"error: The sandbox is not in sync with the Podfile.lock. Run 'pod install' or update your CocoaPods installation.\" >&2\n    exit 1\nfi\n";
			showEnvVarsInLog = 0;
		};
		2934D14EE85BC78993A2B12F /* [CP] Check Pods Manifest.lock */ = {
			isa = PBXShellScriptBuildPhase;
			buildActionMask = 2147483647;
			files = (
			);
			inputPaths = (
			);
			name = "[CP] Check Pods Manifest.lock";
			outputPaths = (
			);
			runOnlyForDeploymentPostprocessing = 0;
			shellPath = /bin/sh;
			shellScript = "diff \"${PODS_ROOT}/../Podfile.lock\" \"${PODS_ROOT}/Manifest.lock\" > /dev/null\nif [ $? != 0 ] ; then\n    # print error to STDERR\n    echo \"error: The sandbox is not in sync with the Podfile.lock. Run 'pod install' or update your CocoaPods installation.\" >&2\n    exit 1\nfi\n";
			showEnvVarsInLog = 0;
		};
		3529B900056C7AECDFEC5D44 /* [CP] Embed Pods Frameworks */ = {
			isa = PBXShellScriptBuildPhase;
			buildActionMask = 2147483647;
			files = (
			);
			inputPaths = (
			);
			name = "[CP] Embed Pods Frameworks";
			outputPaths = (
			);
			runOnlyForDeploymentPostprocessing = 0;
			shellPath = /bin/sh;
			shellScript = "\"${SRCROOT}/Pods/Target Support Files/Pods-DNTagView/Pods-DNTagView-frameworks.sh\"\n";
			showEnvVarsInLog = 0;
		};
		368D51649B69CA07A19143C0 /* [CP] Copy Pods Resources */ = {
			isa = PBXShellScriptBuildPhase;
			buildActionMask = 2147483647;
			files = (
			);
			inputPaths = (
			);
			name = "[CP] Copy Pods Resources";
			outputPaths = (
			);
			runOnlyForDeploymentPostprocessing = 0;
			shellPath = /bin/sh;
			shellScript = "\"${SRCROOT}/Pods/Target Support Files/Pods-DNTagView/Pods-DNTagView-resources.sh\"\n";
			showEnvVarsInLog = 0;
		};
		36C4B96599CE2F63297B7FE2 /* [CP] Embed Pods Frameworks */ = {
			isa = PBXShellScriptBuildPhase;
			buildActionMask = 2147483647;
			files = (
			);
			inputPaths = (
			);
			name = "[CP] Embed Pods Frameworks";
			outputPaths = (
			);
			runOnlyForDeploymentPostprocessing = 0;
			shellPath = /bin/sh;
			shellScript = "\"${SRCROOT}/Pods/Target Support Files/Pods-DNTagViewTests/Pods-DNTagViewTests-frameworks.sh\"\n";
			showEnvVarsInLog = 0;
		};
		426B0442A087CB4A9B3639E4 /* [CP] Copy Pods Resources */ = {
			isa = PBXShellScriptBuildPhase;
			buildActionMask = 2147483647;
			files = (
			);
			inputPaths = (
			);
			name = "[CP] Copy Pods Resources";
			outputPaths = (
			);
			runOnlyForDeploymentPostprocessing = 0;
			shellPath = /bin/sh;
			shellScript = "\"${SRCROOT}/Pods/Target Support Files/Pods-DNTagViewUITests/Pods-DNTagViewUITests-resources.sh\"\n";
			showEnvVarsInLog = 0;
		};
		4F40191A75FCA0C57D42654B /* [CP] Copy Pods Resources */ = {
			isa = PBXShellScriptBuildPhase;
			buildActionMask = 2147483647;
			files = (
			);
			inputPaths = (
			);
			name = "[CP] Copy Pods Resources";
			outputPaths = (
			);
			runOnlyForDeploymentPostprocessing = 0;
			shellPath = /bin/sh;
			shellScript = "\"${SRCROOT}/Pods/Target Support Files/Pods-DNTagViewTests/Pods-DNTagViewTests-resources.sh\"\n";
			showEnvVarsInLog = 0;
		};
		E92F47700852DC83ACF5C4DE /* [CP] Check Pods Manifest.lock */ = {
			isa = PBXShellScriptBuildPhase;
			buildActionMask = 2147483647;
			files = (
			);
			inputPaths = (
			);
			name = "[CP] Check Pods Manifest.lock";
			outputPaths = (
			);
			runOnlyForDeploymentPostprocessing = 0;
			shellPath = /bin/sh;
			shellScript = "diff \"${PODS_ROOT}/../Podfile.lock\" \"${PODS_ROOT}/Manifest.lock\" > /dev/null\nif [ $? != 0 ] ; then\n    # print error to STDERR\n    echo \"error: The sandbox is not in sync with the Podfile.lock. Run 'pod install' or update your CocoaPods installation.\" >&2\n    exit 1\nfi\n";
			showEnvVarsInLog = 0;
		};
		F1E6BBDD09C057318FADDBCA /* [CP] Embed Pods Frameworks */ = {
			isa = PBXShellScriptBuildPhase;
			buildActionMask = 2147483647;
			files = (
			);
			inputPaths = (
			);
			name = "[CP] Embed Pods Frameworks";
			outputPaths = (
			);
			runOnlyForDeploymentPostprocessing = 0;
			shellPath = /bin/sh;
			shellScript = "\"${SRCROOT}/Pods/Target Support Files/Pods-DNTagViewUITests/Pods-DNTagViewUITests-frameworks.sh\"\n";
			showEnvVarsInLog = 0;
		};
/* End PBXShellScriptBuildPhase section */

/* Begin PBXSourcesBuildPhase section */
		F4E09C8C1E66AF8500E09061 /* Sources */ = {
			isa = PBXSourcesBuildPhase;
			buildActionMask = 2147483647;
			files = (
				F4E09CE01E66B07900E09061 /* DNTextField.m in Sources */,
				F4E09CDD1E66B07900E09061 /* DNTag.m in Sources */,
				F4E09CDF1E66B07900E09061 /* DNTagView.m in Sources */,
				F4E09CCF1E66B06200E09061 /* DNMultiLineEditViewController.m in Sources */,
				F4E09CD11E66B06200E09061 /* DNTableViewController.m in Sources */,
				F4E09CDE1E66B07900E09061 /* DNTagButton.m in Sources */,
				F4E09C9B1E66AF8600E09061 /* ViewController.m in Sources */,
				F4E09C981E66AF8600E09061 /* AppDelegate.m in Sources */,
				F4E09CD41E66B06E00E09061 /* UIColor+Helper.m in Sources */,
				F4E09CD01E66B06200E09061 /* DNMultiLineShowViewController.m in Sources */,
				F4E09C951E66AF8600E09061 /* main.m in Sources */,
			);
			runOnlyForDeploymentPostprocessing = 0;
		};
		F4E09CA51E66AF8600E09061 /* Sources */ = {
			isa = PBXSourcesBuildPhase;
			buildActionMask = 2147483647;
			files = (
				F4E09CAE1E66AF8600E09061 /* DNTagViewTests.m in Sources */,
			);
			runOnlyForDeploymentPostprocessing = 0;
		};
		F4E09CB01E66AF8600E09061 /* Sources */ = {
			isa = PBXSourcesBuildPhase;
			buildActionMask = 2147483647;
			files = (
				F4E09CB91E66AF8600E09061 /* DNTagViewUITests.m in Sources */,
			);
			runOnlyForDeploymentPostprocessing = 0;
		};
/* End PBXSourcesBuildPhase section */

/* Begin PBXTargetDependency section */
		F4E09CAB1E66AF8600E09061 /* PBXTargetDependency */ = {
			isa = PBXTargetDependency;
			target = F4E09C8F1E66AF8500E09061 /* DNTagView */;
			targetProxy = F4E09CAA1E66AF8600E09061 /* PBXContainerItemProxy */;
		};
		F4E09CB61E66AF8600E09061 /* PBXTargetDependency */ = {
			isa = PBXTargetDependency;
			target = F4E09C8F1E66AF8500E09061 /* DNTagView */;
			targetProxy = F4E09CB51E66AF8600E09061 /* PBXContainerItemProxy */;
		};
/* End PBXTargetDependency section */

/* Begin PBXVariantGroup section */
		F4E09C9C1E66AF8600E09061 /* Main.storyboard */ = {
			isa = PBXVariantGroup;
			children = (
				F4E09C9D1E66AF8600E09061 /* Base */,
			);
			name = Main.storyboard;
			sourceTree = "<group>";
		};
		F4E09CA11E66AF8600E09061 /* LaunchScreen.storyboard */ = {
			isa = PBXVariantGroup;
			children = (
				F4E09CA21E66AF8600E09061 /* Base */,
			);
			name = LaunchScreen.storyboard;
			sourceTree = "<group>";
		};
/* End PBXVariantGroup section */

/* Begin XCBuildConfiguration section */
		F4E09CBB1E66AF8600E09061 /* Debug */ = {
			isa = XCBuildConfiguration;
			buildSettings = {
				ALWAYS_SEARCH_USER_PATHS = NO;
				CLANG_ANALYZER_NONNULL = YES;
				CLANG_CXX_LANGUAGE_STANDARD = "gnu++0x";
				CLANG_CXX_LIBRARY = "libc++";
				CLANG_ENABLE_MODULES = YES;
				CLANG_ENABLE_OBJC_ARC = YES;
				CLANG_WARN_BOOL_CONVERSION = YES;
				CLANG_WARN_CONSTANT_CONVERSION = YES;
				CLANG_WARN_DIRECT_OBJC_ISA_USAGE = YES_ERROR;
				CLANG_WARN_DOCUMENTATION_COMMENTS = YES;
				CLANG_WARN_EMPTY_BODY = YES;
				CLANG_WARN_ENUM_CONVERSION = YES;
				CLANG_WARN_INFINITE_RECURSION = YES;
				CLANG_WARN_INT_CONVERSION = YES;
				CLANG_WARN_OBJC_ROOT_CLASS = YES_ERROR;
				CLANG_WARN_SUSPICIOUS_MOVE = YES;
				CLANG_WARN_UNREACHABLE_CODE = YES;
				CLANG_WARN__DUPLICATE_METHOD_MATCH = YES;
				"CODE_SIGN_IDENTITY[sdk=iphoneos*]" = "iPhone Developer";
				COPY_PHASE_STRIP = NO;
				DEBUG_INFORMATION_FORMAT = dwarf;
				ENABLE_STRICT_OBJC_MSGSEND = YES;
				ENABLE_TESTABILITY = YES;
				GCC_C_LANGUAGE_STANDARD = gnu99;
				GCC_DYNAMIC_NO_PIC = NO;
				GCC_NO_COMMON_BLOCKS = YES;
				GCC_OPTIMIZATION_LEVEL = 0;
				GCC_PREPROCESSOR_DEFINITIONS = (
					"DEBUG=1",
					"$(inherited)",
				);
				GCC_WARN_64_TO_32_BIT_CONVERSION = YES;
				GCC_WARN_ABOUT_RETURN_TYPE = YES_ERROR;
				GCC_WARN_UNDECLARED_SELECTOR = YES;
				GCC_WARN_UNINITIALIZED_AUTOS = YES_AGGRESSIVE;
				GCC_WARN_UNUSED_FUNCTION = YES;
				GCC_WARN_UNUSED_VARIABLE = YES;
				IPHONEOS_DEPLOYMENT_TARGET = 10.2;
				MTL_ENABLE_DEBUG_INFO = YES;
				ONLY_ACTIVE_ARCH = YES;
				SDKROOT = iphoneos;
			};
			name = Debug;
		};
		F4E09CBC1E66AF8600E09061 /* Release */ = {
			isa = XCBuildConfiguration;
			buildSettings = {
				ALWAYS_SEARCH_USER_PATHS = NO;
				CLANG_ANALYZER_NONNULL = YES;
				CLANG_CXX_LANGUAGE_STANDARD = "gnu++0x";
				CLANG_CXX_LIBRARY = "libc++";
				CLANG_ENABLE_MODULES = YES;
				CLANG_ENABLE_OBJC_ARC = YES;
				CLANG_WARN_BOOL_CONVERSION = YES;
				CLANG_WARN_CONSTANT_CONVERSION = YES;
				CLANG_WARN_DIRECT_OBJC_ISA_USAGE = YES_ERROR;
				CLANG_WARN_DOCUMENTATION_COMMENTS = YES;
				CLANG_WARN_EMPTY_BODY = YES;
				CLANG_WARN_ENUM_CONVERSION = YES;
				CLANG_WARN_INFINITE_RECURSION = YES;
				CLANG_WARN_INT_CONVERSION = YES;
				CLANG_WARN_OBJC_ROOT_CLASS = YES_ERROR;
				CLANG_WARN_SUSPICIOUS_MOVE = YES;
				CLANG_WARN_UNREACHABLE_CODE = YES;
				CLANG_WARN__DUPLICATE_METHOD_MATCH = YES;
				"CODE_SIGN_IDENTITY[sdk=iphoneos*]" = "iPhone Developer";
				COPY_PHASE_STRIP = NO;
				DEBUG_INFORMATION_FORMAT = "dwarf-with-dsym";
				ENABLE_NS_ASSERTIONS = NO;
				ENABLE_STRICT_OBJC_MSGSEND = YES;
				GCC_C_LANGUAGE_STANDARD = gnu99;
				GCC_NO_COMMON_BLOCKS = YES;
				GCC_WARN_64_TO_32_BIT_CONVERSION = YES;
				GCC_WARN_ABOUT_RETURN_TYPE = YES_ERROR;
				GCC_WARN_UNDECLARED_SELECTOR = YES;
				GCC_WARN_UNINITIALIZED_AUTOS = YES_AGGRESSIVE;
				GCC_WARN_UNUSED_FUNCTION = YES;
				GCC_WARN_UNUSED_VARIABLE = YES;
				IPHONEOS_DEPLOYMENT_TARGET = 10.2;
				MTL_ENABLE_DEBUG_INFO = NO;
				SDKROOT = iphoneos;
				VALIDATE_PRODUCT = YES;
			};
			name = Release;
		};
		F4E09CBE1E66AF8600E09061 /* Debug */ = {
			isa = XCBuildConfiguration;
			baseConfigurationReference = 9287149DC40529B76DB16CE1 /* Pods-DNTagView.debug.xcconfig */;
			buildSettings = {
				ASSETCATALOG_COMPILER_APPICON_NAME = AppIcon;
				INFOPLIST_FILE = DNTagView/Info.plist;
				IPHONEOS_DEPLOYMENT_TARGET = 8.0;
				LD_RUNPATH_SEARCH_PATHS = "$(inherited) @executable_path/Frameworks";
				PRODUCT_BUNDLE_IDENTIFIER = com.redmist.DNTagView;
				PRODUCT_NAME = "$(TARGET_NAME)";
			};
			name = Debug;
		};
		F4E09CBF1E66AF8600E09061 /* Release */ = {
			isa = XCBuildConfiguration;
			baseConfigurationReference = 4681F849584C55903D0A2805 /* Pods-DNTagView.release.xcconfig */;
			buildSettings = {
				ASSETCATALOG_COMPILER_APPICON_NAME = AppIcon;
				INFOPLIST_FILE = DNTagView/Info.plist;
				IPHONEOS_DEPLOYMENT_TARGET = 8.0;
				LD_RUNPATH_SEARCH_PATHS = "$(inherited) @executable_path/Frameworks";
				PRODUCT_BUNDLE_IDENTIFIER = com.redmist.DNTagView;
				PRODUCT_NAME = "$(TARGET_NAME)";
			};
			name = Release;
		};
		F4E09CC11E66AF8600E09061 /* Debug */ = {
			isa = XCBuildConfiguration;
			baseConfigurationReference = 15017A576D90E94175661986 /* Pods-DNTagViewTests.debug.xcconfig */;
			buildSettings = {
				BUNDLE_LOADER = "$(TEST_HOST)";
				INFOPLIST_FILE = DNTagViewTests/Info.plist;
				LD_RUNPATH_SEARCH_PATHS = "$(inherited) @executable_path/Frameworks @loader_path/Frameworks";
				PRODUCT_BUNDLE_IDENTIFIER = com.redmist.DNTagViewTests;
				PRODUCT_NAME = "$(TARGET_NAME)";
				TEST_HOST = "$(BUILT_PRODUCTS_DIR)/DNTagView.app/DNTagView";
			};
			name = Debug;
		};
		F4E09CC21E66AF8600E09061 /* Release */ = {
			isa = XCBuildConfiguration;
			baseConfigurationReference = 2ACEC153162DE26C9AD2BFBD /* Pods-DNTagViewTests.release.xcconfig */;
			buildSettings = {
				BUNDLE_LOADER = "$(TEST_HOST)";
				INFOPLIST_FILE = DNTagViewTests/Info.plist;
				LD_RUNPATH_SEARCH_PATHS = "$(inherited) @executable_path/Frameworks @loader_path/Frameworks";
				PRODUCT_BUNDLE_IDENTIFIER = com.redmist.DNTagViewTests;
				PRODUCT_NAME = "$(TARGET_NAME)";
				TEST_HOST = "$(BUILT_PRODUCTS_DIR)/DNTagView.app/DNTagView";
			};
			name = Release;
		};
		F4E09CC41E66AF8600E09061 /* Debug */ = {
			isa = XCBuildConfiguration;
			baseConfigurationReference = 2D89AC5EB7361ECD9B2BDD67 /* Pods-DNTagViewUITests.debug.xcconfig */;
			buildSettings = {
				INFOPLIST_FILE = DNTagViewUITests/Info.plist;
				LD_RUNPATH_SEARCH_PATHS = "$(inherited) @executable_path/Frameworks @loader_path/Frameworks";
				PRODUCT_BUNDLE_IDENTIFIER = com.redmist.DNTagViewUITests;
				PRODUCT_NAME = "$(TARGET_NAME)";
				TEST_TARGET_NAME = DNTagView;
			};
			name = Debug;
		};
		F4E09CC51E66AF8600E09061 /* Release */ = {
			isa = XCBuildConfiguration;
			baseConfigurationReference = 4E0EAB997ECE52A14B5E169F /* Pods-DNTagViewUITests.release.xcconfig */;
			buildSettings = {
				INFOPLIST_FILE = DNTagViewUITests/Info.plist;
				LD_RUNPATH_SEARCH_PATHS = "$(inherited) @executable_path/Frameworks @loader_path/Frameworks";
				PRODUCT_BUNDLE_IDENTIFIER = com.redmist.DNTagViewUITests;
				PRODUCT_NAME = "$(TARGET_NAME)";
				TEST_TARGET_NAME = DNTagView;
			};
			name = Release;
		};
/* End XCBuildConfiguration section */

/* Begin XCConfigurationList section */
		F4E09C8B1E66AF8500E09061 /* Build configuration list for PBXProject "DNTagView" */ = {
			isa = XCConfigurationList;
			buildConfigurations = (
				F4E09CBB1E66AF8600E09061 /* Debug */,
				F4E09CBC1E66AF8600E09061 /* Release */,
			);
			defaultConfigurationIsVisible = 0;
			defaultConfigurationName = Release;
		};
		F4E09CBD1E66AF8600E09061 /* Build configuration list for PBXNativeTarget "DNTagView" */ = {
			isa = XCConfigurationList;
			buildConfigurations = (
				F4E09CBE1E66AF8600E09061 /* Debug */,
				F4E09CBF1E66AF8600E09061 /* Release */,
			);
			defaultConfigurationIsVisible = 0;
		};
		F4E09CC01E66AF8600E09061 /* Build configuration list for PBXNativeTarget "DNTagViewTests" */ = {
			isa = XCConfigurationList;
			buildConfigurations = (
				F4E09CC11E66AF8600E09061 /* Debug */,
				F4E09CC21E66AF8600E09061 /* Release */,
			);
			defaultConfigurationIsVisible = 0;
		};
		F4E09CC31E66AF8600E09061 /* Build configuration list for PBXNativeTarget "DNTagViewUITests" */ = {
			isa = XCConfigurationList;
			buildConfigurations = (
				F4E09CC41E66AF8600E09061 /* Debug */,
				F4E09CC51E66AF8600E09061 /* Release */,
			);
			defaultConfigurationIsVisible = 0;
		};
/* End XCConfigurationList section */
	};
	rootObject = F4E09C881E66AF8500E09061 /* Project object */;
}
